{
  "version": 4,
  "terraform_version": "1.5.6",
  "serial": 213,
  "lineage": "4329b39e-f4e9-5245-b212-e9fe79f803d9",
  "outputs": {},
  "resources": [
    {
      "mode": "data",
      "type": "opennebula_image",
      "name": "a174",
      "provider": "provider[\"registry.terraform.io/opennebula/opennebula\"]",
      "instances": [
        {
          "schema_version": 0,
          "attributes": {
            "id": 37,
            "name": "a174-base",
            "tags": {
              "DEV_PREFIX": "vd"
            }
          },
          "sensitive_attributes": []
        }
      ]
    },
    {
      "mode": "data",
      "type": "opennebula_image",
      "name": "a175",
      "provider": "provider[\"registry.terraform.io/opennebula/opennebula\"]",
      "instances": [
        {
          "schema_version": 0,
          "attributes": {
            "id": 38,
            "name": "a175-max",
            "tags": {
              "DEV_PREFIX": "vd"
            }
          },
          "sensitive_attributes": []
        }
      ]
    },
    {
      "mode": "managed",
      "type": "opennebula_image",
      "name": "blank_base",
      "provider": "provider[\"registry.terraform.io/opennebula/opennebula\"]",
      "instances": [
        {
          "index_key": 0,
          "schema_version": 0,
          "attributes": {
            "clone_from_image": null,
            "datastore_id": 1,
            "default_tags": {},
            "description": null,
            "dev_prefix": "vd",
            "driver": null,
            "format": null,
            "gid": 0,
            "gname": "brestadmins",
            "group": null,
            "id": "40",
            "lock": null,
            "name": "blank_base",
            "path": "",
            "permissions": "600",
            "persistent": false,
            "size": 1024,
            "tags": null,
            "tags_all": {},
            "target": null,
            "template_section": [],
            "timeout": 20,
            "timeouts": null,
            "type": null,
            "uid": 2,
            "uname": "brestadmin"
          },
          "sensitive_attributes": [],
          "private": "eyJlMmJmYjczMC1lY2FhLTExZTYtOGY4OC0zNDM2M2JjN2M0YzAiOnsiY3JlYXRlIjoxMjAwMDAwMDAwMDAwLCJkZWxldGUiOjEyMDAwMDAwMDAwMDB9fQ=="
        }
      ]
    },
    {
      "mode": "managed",
      "type": "opennebula_image",
      "name": "images",
      "provider": "provider[\"registry.terraform.io/opennebula/opennebula\"]",
      "instances": [
        {
          "index_key": 0,
          "schema_version": 0,
          "attributes": {
            "clone_from_image": null,
            "datastore_id": 1,
            "default_tags": {},
            "description": null,
            "dev_prefix": "vd",
            "driver": null,
            "format": null,
            "gid": 0,
            "gname": "brestadmins",
            "group": null,
            "id": "37",
            "lock": null,
            "name": "a174-base",
            "path": "https://dl.astralinux.ru/artifactory/mg-generic/alse/brest/alse-vanilla-1.7.4-brest-base-mg11.3.0.qcow2",
            "permissions": "600",
            "persistent": false,
            "size": null,
            "tags": null,
            "tags_all": {},
            "target": null,
            "template_section": [],
            "timeout": 20,
            "timeouts": null,
            "type": null,
            "uid": 2,
            "uname": "brestadmin"
          },
          "sensitive_attributes": [],
          "private": "eyJlMmJmYjczMC1lY2FhLTExZTYtOGY4OC0zNDM2M2JjN2M0YzAiOnsiY3JlYXRlIjoxMjAwMDAwMDAwMDAwLCJkZWxldGUiOjEyMDAwMDAwMDAwMDB9fQ=="
        },
        {
          "index_key": 1,
          "schema_version": 0,
          "attributes": {
            "clone_from_image": null,
            "datastore_id": 1,
            "default_tags": {},
            "description": null,
            "dev_prefix": "vd",
            "driver": null,
            "format": null,
            "gid": 0,
            "gname": "brestadmins",
            "group": null,
            "id": "38",
            "lock": null,
            "name": "a175-max",
            "path": "https://dl.astralinux.ru/artifactory/mg-generic/alse/brest/alse-vanilla-1.7.5-brest-max-mg12.1.2.qcow2",
            "permissions": "600",
            "persistent": false,
            "size": null,
            "tags": null,
            "tags_all": {},
            "target": null,
            "template_section": [],
            "timeout": 20,
            "timeouts": null,
            "type": null,
            "uid": 2,
            "uname": "brestadmin"
          },
          "sensitive_attributes": [],
          "private": "eyJlMmJmYjczMC1lY2FhLTExZTYtOGY4OC0zNDM2M2JjN2M0YzAiOnsiY3JlYXRlIjoxMjAwMDAwMDAwMDAwLCJkZWxldGUiOjEyMDAwMDAwMDAwMDB9fQ=="
        }
      ]
    },
    {
      "mode": "managed",
      "type": "opennebula_template",
      "name": "a174t",
      "provider": "provider[\"registry.terraform.io/opennebula/opennebula\"]",
      "instances": [
        {
          "schema_version": 0,
          "attributes": {
            "context": {
              "HOSTNAME": "$NAME",
              "NETWORK": "YES"
            },
            "cpu": 0.2,
            "cpumodel": [],
            "default_tags": {},
            "description": "Astra Linux 1.7.4.7 base",
            "disk": [
              {
                "cache": "",
                "dev_prefix": "",
                "discard": "",
                "driver": "qcow2",
                "image_id": 37,
                "io": "",
                "size": 29000,
                "target": "vda",
                "volatile_format": "",
                "volatile_type": ""
              }
            ],
            "features": [
              {
                "acpi": "YES",
                "apic": "",
                "guest_agent": "YES",
                "hyperv": "",
                "iothreads": "",
                "localtime": "",
                "pae": "",
                "virtio_scsi_queues": ""
              }
            ],
            "gid": 0,
            "gname": "brestadmins",
            "graphics": [
              {
                "keymap": "en-us",
                "listen": "0.0.0.0",
                "port": "",
                "type": "VNC"
              }
            ],
            "group": null,
            "id": "24",
            "lock": null,
            "memory": 2048,
            "name": "Astra174-base",
            "nic": [
              {
                "ip": "",
                "mac": "",
                "model": "virtio",
                "network": "",
                "network_id": 5,
                "physical_device": "",
                "security_groups": [],
                "virtio_queues": ""
              }
            ],
            "os": [
              {
                "arch": "x86_64",
                "boot": "disk0"
              }
            ],
            "permissions": "664",
            "raw": [
              {
                "data": "",
                "type": "kvm"
              }
            ],
            "reg_time": 1704814985,
            "sched_ds_requirements": "",
            "sched_requirements": "",
            "tags": null,
            "tags_all": {},
            "template_section": [],
            "uid": 2,
            "uname": "brestadmin",
            "user_inputs": null,
            "vcpu": 2,
            "vmgroup": []
          },
          "sensitive_attributes": [],
          "private": "bnVsbA==",
          "dependencies": [
            "opennebula_image.images",
            "opennebula_virtual_network.default_nw"
          ]
        }
      ]
    },
    {
      "mode": "managed",
      "type": "opennebula_template",
      "name": "a175t",
      "provider": "provider[\"registry.terraform.io/opennebula/opennebula\"]",
      "instances": [
        {
          "schema_version": 0,
          "attributes": {
            "context": {
              "HOSTNAME": "$NAME",
              "NETWORK": "YES"
            },
            "cpu": 0.2,
            "cpumodel": [],
            "default_tags": {},
            "description": "Astra Linux 1.7.5.7 max",
            "disk": [
              {
                "cache": "",
                "dev_prefix": "",
                "discard": "",
                "driver": "qcow2",
                "image_id": 38,
                "io": "",
                "size": 29000,
                "target": "vda",
                "volatile_format": "",
                "volatile_type": ""
              }
            ],
            "features": [
              {
                "acpi": "YES",
                "apic": "",
                "guest_agent": "YES",
                "hyperv": "",
                "iothreads": "",
                "localtime": "",
                "pae": "",
                "virtio_scsi_queues": ""
              }
            ],
            "gid": 0,
            "gname": "brestadmins",
            "graphics": [
              {
                "keymap": "en-us",
                "listen": "0.0.0.0",
                "port": "",
                "type": "VNC"
              }
            ],
            "group": null,
            "id": "21",
            "lock": null,
            "memory": 2048,
            "name": "astra175-max",
            "nic": [
              {
                "ip": "",
                "mac": "",
                "model": "virtio",
                "network": "",
                "network_id": 5,
                "physical_device": "",
                "security_groups": [],
                "virtio_queues": ""
              }
            ],
            "os": [
              {
                "arch": "x86_64",
                "boot": "disk0"
              }
            ],
            "permissions": "664",
            "raw": [],
            "reg_time": 1704811967,
            "sched_ds_requirements": "",
            "sched_requirements": "",
            "tags": null,
            "tags_all": {},
            "template_section": [],
            "uid": 2,
            "uname": "brestadmin",
            "user_inputs": null,
            "vcpu": 2,
            "vmgroup": []
          },
          "sensitive_attributes": [],
          "private": "bnVsbA==",
          "dependencies": [
            "opennebula_image.images",
            "opennebula_virtual_network.default_nw"
          ]
        }
      ]
    },
    {
      "mode": "managed",
      "type": "opennebula_virtual_machine",
      "name": "cephvms",
      "provider": "provider[\"registry.terraform.io/opennebula/opennebula\"]",
      "instances": [
        {
          "index_key": "ceph1",
          "schema_version": 0,
          "attributes": {
            "context": {
              "HOSTNAME": "ceph1",
              "NETWORK": "YES"
            },
            "cpu": 0.3,
            "cpumodel": [],
            "default_tags": {},
            "description": "Ceph mon,mgr,osd",
            "disk": [
              {
                "cache": "",
                "computed_cache": "",
                "computed_dev_prefix": "vd",
                "computed_discard": "",
                "computed_driver": "qcow2",
                "computed_io": "",
                "computed_size": 30720,
                "computed_target": "vda",
                "computed_volatile_format": "qcow2",
                "dev_prefix": "",
                "discard": "",
                "disk_id": 0,
                "driver": "qcow2",
                "image_id": 37,
                "io": "",
                "size": 30720,
                "target": "",
                "volatile_format": "",
                "volatile_type": ""
              },
              {
                "cache": "",
                "computed_cache": "",
                "computed_dev_prefix": "vd",
                "computed_discard": "",
                "computed_driver": "raw",
                "computed_io": "",
                "computed_size": 10240,
                "computed_target": "vdb",
                "computed_volatile_format": "raw",
                "dev_prefix": "",
                "discard": "",
                "disk_id": 1,
                "driver": "",
                "image_id": 40,
                "io": "",
                "size": 10240,
                "target": "",
                "volatile_format": "",
                "volatile_type": ""
              },
              {
                "cache": "",
                "computed_cache": "",
                "computed_dev_prefix": "vd",
                "computed_discard": "",
                "computed_driver": "raw",
                "computed_io": "",
                "computed_size": 10240,
                "computed_target": "vdc",
                "computed_volatile_format": "raw",
                "dev_prefix": "",
                "discard": "",
                "disk_id": 2,
                "driver": "",
                "image_id": 40,
                "io": "",
                "size": 10240,
                "target": "",
                "volatile_format": "",
                "volatile_type": ""
              },
              {
                "cache": "",
                "computed_cache": "",
                "computed_dev_prefix": "vd",
                "computed_discard": "",
                "computed_driver": "raw",
                "computed_io": "",
                "computed_size": 10240,
                "computed_target": "vdd",
                "computed_volatile_format": "raw",
                "dev_prefix": "",
                "discard": "",
                "disk_id": 3,
                "driver": "",
                "image_id": 40,
                "io": "",
                "size": 10240,
                "target": "",
                "volatile_format": "",
                "volatile_type": ""
              }
            ],
            "gid": 0,
            "gname": "brestadmins",
            "graphics": [],
            "group": null,
            "hard_shutdown": false,
            "id": "158",
            "ip": "192.168.201.207",
            "keep_nic_order": null,
            "lcmstate": 3,
            "lock": null,
            "memory": 4096,
            "name": "ceph1",
            "nic": [
              {
                "computed_ip": "192.168.201.207",
                "computed_mac": "02:00:c0:a8:c9:cf",
                "computed_model": "virtio",
                "computed_physical_device": "",
                "computed_security_groups": [],
                "computed_virtio_queues": "",
                "ip": "",
                "mac": "",
                "model": "virtio",
                "network": "inet",
                "network_id": 0,
                "nic_id": 0,
                "physical_device": "",
                "security_groups": null,
                "virtio_queues": ""
              },
              {
                "computed_ip": "10.10.10.4",
                "computed_mac": "02:00:0a:0a:0a:04",
                "computed_model": "virtio",
                "computed_physical_device": "",
                "computed_security_groups": [],
                "computed_virtio_queues": "",
                "ip": "",
                "mac": "",
                "model": "virtio",
                "network": "Default network",
                "network_id": 5,
                "nic_id": 1,
                "physical_device": "",
                "security_groups": null,
                "virtio_queues": ""
              }
            ],
            "on_disk_change": "swap",
            "os": [
              {
                "arch": "x86_64",
                "boot": "disk0"
              }
            ],
            "pending": false,
            "permissions": "600",
            "raw": [],
            "sched_ds_requirements": " ID = \"105\"",
            "sched_requirements": "",
            "state": 3,
            "tags": null,
            "tags_all": {},
            "template_disk": [],
            "template_id": 24,
            "template_nic": [],
            "template_section": [],
            "template_section_names": {
              "CONTEXT": "",
              "DISK": "",
              "FEATURES": "",
              "GRAPHICS": "",
              "NIC": "",
              "OS": "",
              "RAW": ""
            },
            "template_tags": {
              "CPU": "0.200000",
              "DESCRIPTION": "Astra Linux 1.7.4.7 base",
              "MEMORY": "2048",
              "VCPU": "2"
            },
            "timeout": 20,
            "timeouts": null,
            "uid": 2,
            "uname": "brestadmin",
            "vcpu": 2,
            "vmgroup": null
          },
          "sensitive_attributes": [],
          "private": "eyJlMmJmYjczMC1lY2FhLTExZTYtOGY4OC0zNDM2M2JjN2M0YzAiOnsiY3JlYXRlIjoxMjAwMDAwMDAwMDAwLCJkZWxldGUiOjEyMDAwMDAwMDAwMDAsInVwZGF0ZSI6MTIwMDAwMDAwMDAwMH19",
          "dependencies": [
            "opennebula_image.blank_base",
            "opennebula_image.images",
            "opennebula_template.a174t",
            "opennebula_virtual_network.default_nw",
            "opennebula_virtual_network.inet"
          ]
        },
        {
          "index_key": "ceph2",
          "schema_version": 0,
          "attributes": {
            "context": {
              "HOSTNAME": "ceph2",
              "NETWORK": "YES"
            },
            "cpu": 0.3,
            "cpumodel": [],
            "default_tags": {},
            "description": "Ceph mon,mgr,osd",
            "disk": [
              {
                "cache": "",
                "computed_cache": "",
                "computed_dev_prefix": "vd",
                "computed_discard": "",
                "computed_driver": "qcow2",
                "computed_io": "",
                "computed_size": 30720,
                "computed_target": "vda",
                "computed_volatile_format": "qcow2",
                "dev_prefix": "",
                "discard": "",
                "disk_id": 0,
                "driver": "qcow2",
                "image_id": 37,
                "io": "",
                "size": 30720,
                "target": "",
                "volatile_format": "",
                "volatile_type": ""
              },
              {
                "cache": "",
                "computed_cache": "",
                "computed_dev_prefix": "vd",
                "computed_discard": "",
                "computed_driver": "raw",
                "computed_io": "",
                "computed_size": 10240,
                "computed_target": "vdb",
                "computed_volatile_format": "raw",
                "dev_prefix": "",
                "discard": "",
                "disk_id": 1,
                "driver": "",
                "image_id": 40,
                "io": "",
                "size": 10240,
                "target": "",
                "volatile_format": "",
                "volatile_type": ""
              },
              {
                "cache": "",
                "computed_cache": "",
                "computed_dev_prefix": "vd",
                "computed_discard": "",
                "computed_driver": "raw",
                "computed_io": "",
                "computed_size": 10240,
                "computed_target": "vdc",
                "computed_volatile_format": "raw",
                "dev_prefix": "",
                "discard": "",
                "disk_id": 2,
                "driver": "",
                "image_id": 40,
                "io": "",
                "size": 10240,
                "target": "",
                "volatile_format": "",
                "volatile_type": ""
              },
              {
                "cache": "",
                "computed_cache": "",
                "computed_dev_prefix": "vd",
                "computed_discard": "",
                "computed_driver": "raw",
                "computed_io": "",
                "computed_size": 10240,
                "computed_target": "vdd",
                "computed_volatile_format": "raw",
                "dev_prefix": "",
                "discard": "",
                "disk_id": 3,
                "driver": "",
                "image_id": 40,
                "io": "",
                "size": 10240,
                "target": "",
                "volatile_format": "",
                "volatile_type": ""
              }
            ],
            "gid": 0,
            "gname": "brestadmins",
            "graphics": [],
            "group": null,
            "hard_shutdown": false,
            "id": "156",
            "ip": "192.168.201.205",
            "keep_nic_order": null,
            "lcmstate": 3,
            "lock": null,
            "memory": 4096,
            "name": "ceph2",
            "nic": [
              {
                "computed_ip": "192.168.201.205",
                "computed_mac": "02:00:c0:a8:c9:cd",
                "computed_model": "virtio",
                "computed_physical_device": "",
                "computed_security_groups": [],
                "computed_virtio_queues": "",
                "ip": "",
                "mac": "",
                "model": "virtio",
                "network": "inet",
                "network_id": 0,
                "nic_id": 0,
                "physical_device": "",
                "security_groups": null,
                "virtio_queues": ""
              },
              {
                "computed_ip": "10.10.10.2",
                "computed_mac": "02:00:0a:0a:0a:02",
                "computed_model": "virtio",
                "computed_physical_device": "",
                "computed_security_groups": [],
                "computed_virtio_queues": "",
                "ip": "",
                "mac": "",
                "model": "virtio",
                "network": "Default network",
                "network_id": 5,
                "nic_id": 1,
                "physical_device": "",
                "security_groups": null,
                "virtio_queues": ""
              }
            ],
            "on_disk_change": "swap",
            "os": [
              {
                "arch": "x86_64",
                "boot": "disk0"
              }
            ],
            "pending": false,
            "permissions": "600",
            "raw": [],
            "sched_ds_requirements": " ID = \"105\"",
            "sched_requirements": "",
            "state": 3,
            "tags": null,
            "tags_all": {},
            "template_disk": [],
            "template_id": 24,
            "template_nic": [],
            "template_section": [],
            "template_section_names": {
              "CONTEXT": "",
              "DISK": "",
              "FEATURES": "",
              "GRAPHICS": "",
              "NIC": "",
              "OS": "",
              "RAW": ""
            },
            "template_tags": {
              "CPU": "0.200000",
              "DESCRIPTION": "Astra Linux 1.7.4.7 base",
              "MEMORY": "2048",
              "VCPU": "2"
            },
            "timeout": 20,
            "timeouts": null,
            "uid": 2,
            "uname": "brestadmin",
            "vcpu": 2,
            "vmgroup": null
          },
          "sensitive_attributes": [],
          "private": "eyJlMmJmYjczMC1lY2FhLTExZTYtOGY4OC0zNDM2M2JjN2M0YzAiOnsiY3JlYXRlIjoxMjAwMDAwMDAwMDAwLCJkZWxldGUiOjEyMDAwMDAwMDAwMDAsInVwZGF0ZSI6MTIwMDAwMDAwMDAwMH19",
          "dependencies": [
            "opennebula_image.blank_base",
            "opennebula_image.images",
            "opennebula_template.a174t",
            "opennebula_virtual_network.default_nw",
            "opennebula_virtual_network.inet"
          ]
        },
        {
          "index_key": "ceph3",
          "schema_version": 0,
          "attributes": {
            "context": {
              "HOSTNAME": "ceph3",
              "NETWORK": "YES"
            },
            "cpu": 0.3,
            "cpumodel": [],
            "default_tags": {},
            "description": "Ceph mon,mgr,osd",
            "disk": [
              {
                "cache": "",
                "computed_cache": "",
                "computed_dev_prefix": "vd",
                "computed_discard": "",
                "computed_driver": "qcow2",
                "computed_io": "",
                "computed_size": 30720,
                "computed_target": "vda",
                "computed_volatile_format": "qcow2",
                "dev_prefix": "",
                "discard": "",
                "disk_id": 0,
                "driver": "qcow2",
                "image_id": 37,
                "io": "",
                "size": 30720,
                "target": "",
                "volatile_format": "",
                "volatile_type": ""
              },
              {
                "cache": "",
                "computed_cache": "",
                "computed_dev_prefix": "vd",
                "computed_discard": "",
                "computed_driver": "raw",
                "computed_io": "",
                "computed_size": 10240,
                "computed_target": "vdb",
                "computed_volatile_format": "raw",
                "dev_prefix": "",
                "discard": "",
                "disk_id": 1,
                "driver": "",
                "image_id": 40,
                "io": "",
                "size": 10240,
                "target": "",
                "volatile_format": "",
                "volatile_type": ""
              },
              {
                "cache": "",
                "computed_cache": "",
                "computed_dev_prefix": "vd",
                "computed_discard": "",
                "computed_driver": "raw",
                "computed_io": "",
                "computed_size": 10240,
                "computed_target": "vdc",
                "computed_volatile_format": "raw",
                "dev_prefix": "",
                "discard": "",
                "disk_id": 2,
                "driver": "",
                "image_id": 40,
                "io": "",
                "size": 10240,
                "target": "",
                "volatile_format": "",
                "volatile_type": ""
              },
              {
                "cache": "",
                "computed_cache": "",
                "computed_dev_prefix": "vd",
                "computed_discard": "",
                "computed_driver": "raw",
                "computed_io": "",
                "computed_size": 10240,
                "computed_target": "vdd",
                "computed_volatile_format": "raw",
                "dev_prefix": "",
                "discard": "",
                "disk_id": 3,
                "driver": "",
                "image_id": 40,
                "io": "",
                "size": 10240,
                "target": "",
                "volatile_format": "",
                "volatile_type": ""
              }
            ],
            "gid": 0,
            "gname": "brestadmins",
            "graphics": [],
            "group": null,
            "hard_shutdown": false,
            "id": "159",
            "ip": "192.168.201.208",
            "keep_nic_order": null,
            "lcmstate": 3,
            "lock": null,
            "memory": 4096,
            "name": "ceph3",
            "nic": [
              {
                "computed_ip": "192.168.201.208",
                "computed_mac": "02:00:c0:a8:c9:d0",
                "computed_model": "virtio",
                "computed_physical_device": "",
                "computed_security_groups": [],
                "computed_virtio_queues": "",
                "ip": "",
                "mac": "",
                "model": "virtio",
                "network": "inet",
                "network_id": 0,
                "nic_id": 0,
                "physical_device": "",
                "security_groups": null,
                "virtio_queues": ""
              },
              {
                "computed_ip": "10.10.10.5",
                "computed_mac": "02:00:0a:0a:0a:05",
                "computed_model": "virtio",
                "computed_physical_device": "",
                "computed_security_groups": [],
                "computed_virtio_queues": "",
                "ip": "",
                "mac": "",
                "model": "virtio",
                "network": "Default network",
                "network_id": 5,
                "nic_id": 1,
                "physical_device": "",
                "security_groups": null,
                "virtio_queues": ""
              }
            ],
            "on_disk_change": "swap",
            "os": [
              {
                "arch": "x86_64",
                "boot": "disk0"
              }
            ],
            "pending": false,
            "permissions": "600",
            "raw": [],
            "sched_ds_requirements": " ID = \"105\"",
            "sched_requirements": "",
            "state": 3,
            "tags": null,
            "tags_all": {},
            "template_disk": [],
            "template_id": 24,
            "template_nic": [],
            "template_section": [],
            "template_section_names": {
              "CONTEXT": "",
              "DISK": "",
              "FEATURES": "",
              "GRAPHICS": "",
              "NIC": "",
              "OS": "",
              "RAW": ""
            },
            "template_tags": {
              "CPU": "0.200000",
              "DESCRIPTION": "Astra Linux 1.7.4.7 base",
              "MEMORY": "2048",
              "VCPU": "2"
            },
            "timeout": 20,
            "timeouts": null,
            "uid": 2,
            "uname": "brestadmin",
            "vcpu": 2,
            "vmgroup": null
          },
          "sensitive_attributes": [],
          "private": "eyJlMmJmYjczMC1lY2FhLTExZTYtOGY4OC0zNDM2M2JjN2M0YzAiOnsiY3JlYXRlIjoxMjAwMDAwMDAwMDAwLCJkZWxldGUiOjEyMDAwMDAwMDAwMDAsInVwZGF0ZSI6MTIwMDAwMDAwMDAwMH19",
          "dependencies": [
            "opennebula_image.blank_base",
            "opennebula_image.images",
            "opennebula_template.a174t",
            "opennebula_virtual_network.default_nw",
            "opennebula_virtual_network.inet"
          ]
        },
        {
          "index_key": "ceph4",
          "schema_version": 0,
          "attributes": {
            "context": {
              "HOSTNAME": "ceph4",
              "NETWORK": "YES"
            },
            "cpu": 0.3,
            "cpumodel": [],
            "default_tags": {},
            "description": "Ceph mon,mgr,osd",
            "disk": [
              {
                "cache": "",
                "computed_cache": "",
                "computed_dev_prefix": "vd",
                "computed_discard": "",
                "computed_driver": "qcow2",
                "computed_io": "",
                "computed_size": 30720,
                "computed_target": "vda",
                "computed_volatile_format": "qcow2",
                "dev_prefix": "",
                "discard": "",
                "disk_id": 0,
                "driver": "qcow2",
                "image_id": 37,
                "io": "",
                "size": 30720,
                "target": "",
                "volatile_format": "",
                "volatile_type": ""
              },
              {
                "cache": "",
                "computed_cache": "",
                "computed_dev_prefix": "vd",
                "computed_discard": "",
                "computed_driver": "raw",
                "computed_io": "",
                "computed_size": 10240,
                "computed_target": "vdb",
                "computed_volatile_format": "raw",
                "dev_prefix": "",
                "discard": "",
                "disk_id": 1,
                "driver": "",
                "image_id": 40,
                "io": "",
                "size": 10240,
                "target": "",
                "volatile_format": "",
                "volatile_type": ""
              },
              {
                "cache": "",
                "computed_cache": "",
                "computed_dev_prefix": "vd",
                "computed_discard": "",
                "computed_driver": "raw",
                "computed_io": "",
                "computed_size": 10240,
                "computed_target": "vdc",
                "computed_volatile_format": "raw",
                "dev_prefix": "",
                "discard": "",
                "disk_id": 2,
                "driver": "",
                "image_id": 40,
                "io": "",
                "size": 10240,
                "target": "",
                "volatile_format": "",
                "volatile_type": ""
              },
              {
                "cache": "",
                "computed_cache": "",
                "computed_dev_prefix": "vd",
                "computed_discard": "",
                "computed_driver": "raw",
                "computed_io": "",
                "computed_size": 10240,
                "computed_target": "vdd",
                "computed_volatile_format": "raw",
                "dev_prefix": "",
                "discard": "",
                "disk_id": 3,
                "driver": "",
                "image_id": 40,
                "io": "",
                "size": 10240,
                "target": "",
                "volatile_format": "",
                "volatile_type": ""
              }
            ],
            "gid": 0,
            "gname": "brestadmins",
            "graphics": [],
            "group": null,
            "hard_shutdown": false,
            "id": "157",
            "ip": "192.168.201.206",
            "keep_nic_order": null,
            "lcmstate": 3,
            "lock": null,
            "memory": 4096,
            "name": "ceph4",
            "nic": [
              {
                "computed_ip": "192.168.201.206",
                "computed_mac": "02:00:c0:a8:c9:ce",
                "computed_model": "virtio",
                "computed_physical_device": "",
                "computed_security_groups": [],
                "computed_virtio_queues": "",
                "ip": "",
                "mac": "",
                "model": "virtio",
                "network": "inet",
                "network_id": 0,
                "nic_id": 0,
                "physical_device": "",
                "security_groups": null,
                "virtio_queues": ""
              },
              {
                "computed_ip": "10.10.10.3",
                "computed_mac": "02:00:0a:0a:0a:03",
                "computed_model": "virtio",
                "computed_physical_device": "",
                "computed_security_groups": [],
                "computed_virtio_queues": "",
                "ip": "",
                "mac": "",
                "model": "virtio",
                "network": "Default network",
                "network_id": 5,
                "nic_id": 1,
                "physical_device": "",
                "security_groups": null,
                "virtio_queues": ""
              }
            ],
            "on_disk_change": "swap",
            "os": [
              {
                "arch": "x86_64",
                "boot": "disk0"
              }
            ],
            "pending": false,
            "permissions": "600",
            "raw": [],
            "sched_ds_requirements": " ID = \"105\"",
            "sched_requirements": "",
            "state": 3,
            "tags": null,
            "tags_all": {},
            "template_disk": [],
            "template_id": 24,
            "template_nic": [],
            "template_section": [],
            "template_section_names": {
              "CONTEXT": "",
              "DISK": "",
              "FEATURES": "",
              "GRAPHICS": "",
              "NIC": "",
              "OS": "",
              "RAW": ""
            },
            "template_tags": {
              "CPU": "0.200000",
              "DESCRIPTION": "Astra Linux 1.7.4.7 base",
              "MEMORY": "2048",
              "VCPU": "2"
            },
            "timeout": 20,
            "timeouts": null,
            "uid": 2,
            "uname": "brestadmin",
            "vcpu": 2,
            "vmgroup": null
          },
          "sensitive_attributes": [],
          "private": "eyJlMmJmYjczMC1lY2FhLTExZTYtOGY4OC0zNDM2M2JjN2M0YzAiOnsiY3JlYXRlIjoxMjAwMDAwMDAwMDAwLCJkZWxldGUiOjEyMDAwMDAwMDAwMDAsInVwZGF0ZSI6MTIwMDAwMDAwMDAwMH19",
          "dependencies": [
            "opennebula_image.blank_base",
            "opennebula_image.images",
            "opennebula_template.a174t",
            "opennebula_virtual_network.default_nw",
            "opennebula_virtual_network.inet"
          ]
        }
      ]
    },
    {
      "mode": "managed",
      "type": "opennebula_virtual_network",
      "name": "default_nw",
      "provider": "provider[\"registry.terraform.io/opennebula/opennebula\"]",
      "instances": [
        {
          "schema_version": 0,
          "attributes": {
            "ar": [],
            "automatic_vlan_id": null,
            "bridge": "br0",
            "cluster_ids": [
              0
            ],
            "default_tags": {},
            "description": "",
            "dns": "77.88.8.8 8.8.4.4",
            "gateway": "",
            "gid": 0,
            "gname": "brestadmins",
            "group": null,
            "guest_mtu": 1500,
            "hold_ips": null,
            "id": "5",
            "lock": null,
            "mtu": 1500,
            "name": "Default network",
            "network_address": "",
            "network_mask": "255.255.255.0",
            "permissions": "664",
            "physical_device": "",
            "reservation_ar_id": -1,
            "reservation_first_ip": "",
            "reservation_size": 0,
            "reservation_vnet": -1,
            "search_domain": "",
            "security_groups": [
              0
            ],
            "tags": {
              "name": "DefaultNW"
            },
            "tags_all": {
              "name": "DefaultNW"
            },
            "template_section": [],
            "timeouts": null,
            "type": "bridge",
            "uid": 2,
            "uname": "brestadmin",
            "vlan_id": null
          },
          "sensitive_attributes": [],
          "private": "eyJlMmJmYjczMC1lY2FhLTExZTYtOGY4OC0zNDM2M2JjN2M0YzAiOnsiY3JlYXRlIjozMDAwMDAwMDAwMDB9fQ=="
        }
      ]
    },
    {
      "mode": "managed",
      "type": "opennebula_virtual_network",
      "name": "inet",
      "provider": "provider[\"registry.terraform.io/opennebula/opennebula\"]",
      "instances": [
        {
          "schema_version": 0,
          "attributes": {
            "ar": [],
            "automatic_vlan_id": null,
            "bridge": "br0",
            "cluster_ids": [],
            "default_tags": {},
            "description": "",
            "dns": "192.168.201.1 192.168.201.200",
            "gateway": "192.168.201.1",
            "gid": 0,
            "gname": "brestadmins",
            "group": null,
            "guest_mtu": 1500,
            "hold_ips": null,
            "id": "0",
            "lock": null,
            "mtu": 1500,
            "name": "inet",
            "network_address": "192.168.201.0",
            "network_mask": "255.255.255.0",
            "permissions": "600",
            "physical_device": "",
            "reservation_ar_id": -1,
            "reservation_first_ip": "",
            "reservation_size": 0,
            "reservation_vnet": -1,
            "search_domain": "",
            "security_groups": [
              0
            ],
            "tags": null,
            "tags_all": {},
            "template_section": [],
            "timeouts": {
              "create": null
            },
            "type": "bridge",
            "uid": 2,
            "uname": "brestadmin",
            "vlan_id": null
          },
          "sensitive_attributes": [],
          "private": "eyJlMmJmYjczMC1lY2FhLTExZTYtOGY4OC0zNDM2M2JjN2M0YzAiOnsiY3JlYXRlIjozMDAwMDAwMDAwMDB9LCJzY2hlbWFfdmVyc2lvbiI6IjAifQ=="
        }
      ]
    },
    {
      "mode": "managed",
      "type": "opennebula_virtual_network_address_range",
      "name": "defautl_nw_range",
      "provider": "provider[\"registry.terraform.io/opennebula/opennebula\"]",
      "instances": [
        {
          "schema_version": 0,
          "attributes": {
            "ar_type": "IP4",
            "custom": {},
            "global_prefix": null,
            "held_ips": [],
            "hold_ips": [],
            "id": "0",
            "ip4": "10.10.10.2",
            "ip6": "",
            "ipam": null,
            "mac": "02:00:0a:0a:0a:02",
            "prefix_length": null,
            "size": 200,
            "timeouts": null,
            "ula_prefix": "",
            "virtual_network_id": 5
          },
          "sensitive_attributes": [],
          "private": "eyJlMmJmYjczMC1lY2FhLTExZTYtOGY4OC0zNDM2M2JjN2M0YzAiOnsiY3JlYXRlIjozMDAwMDAwMDAwMDAsImRlbGV0ZSI6MzAwMDAwMDAwMDAwfX0=",
          "dependencies": [
            "opennebula_virtual_network.default_nw"
          ]
        }
      ]
    }
  ],
  "check_results": null
}
